
Microsoft Visual Studio Solution File, Format Version 12.00
# Visual Studio Version 17
VisualStudioVersion = 17.9.34701.34
MinimumVisualStudioVersion = 10.0.40219.1
Project("{FAE04EC0-301F-11D3-BF4B-00C04F79EFBC}") = "SistemaVentas.DAL", "SistemaVentas.DAL\SistemaVentas.DAL.csproj", "{3C9B609D-B929-4A35-A59B-C384CE2E8A58}"
EndProject
Project("{FAE04EC0-301F-11D3-BF4B-00C04F79EFBC}") = "SistemaVentas.BSS", "SistemaVentas.BSS\SistemaVentas.BSS.csproj", "{7B9882AB-224C-4B39-AD24-4456467C79B9}"
EndProject
Project("{FAE04EC0-301F-11D3-BF4B-00C04F79EFBC}") = "SistemaVentas.Modelos", "SistemaVentas.Modelos\SistemaVentas.Modelos.csproj", "{F3962FCB-93A8-4CC0-BB5D-9A3DC8F6C2A4}"
EndProject
Project("{FAE04EC0-301F-11D3-BF4B-00C04F79EFBC}") = "SistemaVentas.VISTA", "SistemaVentas.VISTA\SistemaVentas.VISTA.csproj", "{711E62B1-FE54-467B-96D2-A41B8C809C60}"
EndProject
Global
	GlobalSection(SolutionConfigurationPlatforms) = preSolution
		Debug|Any CPU = Debug|Any CPU
		Release|Any CPU = Release|Any CPU
	EndGlobalSection
	GlobalSection(ProjectConfigurationPlatforms) = postSolution
		{3C9B609D-B929-4A35-A59B-C384CE2E8A58}.Debug|Any CPU.ActiveCfg = Debug|Any CPU
		{3C9B609D-B929-4A35-A59B-C384CE2E8A58}.Debug|Any CPU.Build.0 = Debug|Any CPU
		{3C9B609D-B929-4A35-A59B-C384CE2E8A58}.Release|Any CPU.ActiveCfg = Release|Any CPU
		{3C9B609D-B929-4A35-A59B-C384CE2E8A58}.Release|Any CPU.Build.0 = Release|Any CPU
		{7B9882AB-224C-4B39-AD24-4456467C79B9}.Debug|Any CPU.ActiveCfg = Debug|Any CPU
		{7B9882AB-224C-4B39-AD24-4456467C79B9}.Debug|Any CPU.Build.0 = Debug|Any CPU
		{7B9882AB-224C-4B39-AD24-4456467C79B9}.Release|Any CPU.ActiveCfg = Release|Any CPU
		{7B9882AB-224C-4B39-AD24-4456467C79B9}.Release|Any CPU.Build.0 = Release|Any CPU
		{F3962FCB-93A8-4CC0-BB5D-9A3DC8F6C2A4}.Debug|Any CPU.ActiveCfg = Debug|Any CPU
		{F3962FCB-93A8-4CC0-BB5D-9A3DC8F6C2A4}.Debug|Any CPU.Build.0 = Debug|Any CPU
		{F3962FCB-93A8-4CC0-BB5D-9A3DC8F6C2A4}.Release|Any CPU.ActiveCfg = Release|Any CPU
		{F3962FCB-93A8-4CC0-BB5D-9A3DC8F6C2A4}.Release|Any CPU.Build.0 = Release|Any CPU
		{711E62B1-FE54-467B-96D2-A41B8C809C60}.Debug|Any CPU.ActiveCfg = Debug|Any CPU
		{711E62B1-FE54-467B-96D2-A41B8C809C60}.Debug|Any CPU.Build.0 = Debug|Any CPU
		{711E62B1-FE54-467B-96D2-A41B8C809C60}.Release|Any CPU.ActiveCfg = Release|Any CPU
		{711E62B1-FE54-467B-96D2-A41B8C809C60}.Release|Any CPU.Build.0 = Release|Any CPU
	EndGlobalSection
	GlobalSection(SolutionProperties) = preSolution
		HideSolutionNode = FALSE
	EndGlobalSection
	GlobalSection(ExtensibilityGlobals) = postSolution
		SolutionGuid = {3C51A6F0-281A-4DDB-A3DA-E6FB6B12F1A9}
	EndGlobalSection
EndGlobal
