
Microsoft Visual Studio Solution File, Format Version 12.00
# Visual Studio Version 17
VisualStudioVersion = 17.7.34221.43
MinimumVisualStudioVersion = 10.0.40219.1
Project("{FAE04EC0-301F-11D3-BF4B-00C04F79EFBC}") = "sistemaVentas.DAL", "sistemaVentas.DAL\sistemaVentas.DAL.csproj", "{E7A3AAE9-AFF3-4612-BD0B-8A1B121C989A}"
EndProject
Project("{FAE04EC0-301F-11D3-BF4B-00C04F79EFBC}") = "sistemaVentas.BSS", "sistemaVentas.BSS\sistemaVentas.BSS.csproj", "{E2D30482-C3AC-46F0-820D-6B29156D44C6}"
EndProject
Project("{FAE04EC0-301F-11D3-BF4B-00C04F79EFBC}") = "sistemaVentas.Modelos", "sistemaVentas.Modelos\sistemaVentas.Modelos.csproj", "{B87CDCCC-1F6E-45C2-88FC-F49D48F5D195}"
EndProject
Project("{FAE04EC0-301F-11D3-BF4B-00C04F79EFBC}") = "sistemaVentas.Vista", "sistemaVentas.Vista\sistemaVentas.Vista.csproj", "{B2374AFD-66C4-49F8-AEA7-577A5CEE1BEA}"
EndProject
Global
	GlobalSection(SolutionConfigurationPlatforms) = preSolution
		Debug|Any CPU = Debug|Any CPU
		Release|Any CPU = Release|Any CPU
	EndGlobalSection
	GlobalSection(ProjectConfigurationPlatforms) = postSolution
		{E7A3AAE9-AFF3-4612-BD0B-8A1B121C989A}.Debug|Any CPU.ActiveCfg = Debug|Any CPU
		{E7A3AAE9-AFF3-4612-BD0B-8A1B121C989A}.Debug|Any CPU.Build.0 = Debug|Any CPU
		{E7A3AAE9-AFF3-4612-BD0B-8A1B121C989A}.Release|Any CPU.ActiveCfg = Release|Any CPU
		{E7A3AAE9-AFF3-4612-BD0B-8A1B121C989A}.Release|Any CPU.Build.0 = Release|Any CPU
		{E2D30482-C3AC-46F0-820D-6B29156D44C6}.Debug|Any CPU.ActiveCfg = Debug|Any CPU
		{E2D30482-C3AC-46F0-820D-6B29156D44C6}.Debug|Any CPU.Build.0 = Debug|Any CPU
		{E2D30482-C3AC-46F0-820D-6B29156D44C6}.Release|Any CPU.ActiveCfg = Release|Any CPU
		{E2D30482-C3AC-46F0-820D-6B29156D44C6}.Release|Any CPU.Build.0 = Release|Any CPU
		{B87CDCCC-1F6E-45C2-88FC-F49D48F5D195}.Debug|Any CPU.ActiveCfg = Debug|Any CPU
		{B87CDCCC-1F6E-45C2-88FC-F49D48F5D195}.Debug|Any CPU.Build.0 = Debug|Any CPU
		{B87CDCCC-1F6E-45C2-88FC-F49D48F5D195}.Release|Any CPU.ActiveCfg = Release|Any CPU
		{B87CDCCC-1F6E-45C2-88FC-F49D48F5D195}.Release|Any CPU.Build.0 = Release|Any CPU
		{B2374AFD-66C4-49F8-AEA7-577A5CEE1BEA}.Debug|Any CPU.ActiveCfg = Debug|Any CPU
		{B2374AFD-66C4-49F8-AEA7-577A5CEE1BEA}.Debug|Any CPU.Build.0 = Debug|Any CPU
		{B2374AFD-66C4-49F8-AEA7-577A5CEE1BEA}.Release|Any CPU.ActiveCfg = Release|Any CPU
		{B2374AFD-66C4-49F8-AEA7-577A5CEE1BEA}.Release|Any CPU.Build.0 = Release|Any CPU
	EndGlobalSection
	GlobalSection(SolutionProperties) = preSolution
		HideSolutionNode = FALSE
	EndGlobalSection
	GlobalSection(ExtensibilityGlobals) = postSolution
		SolutionGuid = {A3D53CC9-3909-4671-8EC7-F78EBD360B00}
	EndGlobalSection
EndGlobal
